
Microsoft Visual Studio Solution File, Format Version 12.00
# Visual Studio Version 17
VisualStudioVersion = 17.11.35327.3
MinimumVisualStudioVersion = 10.0.40219.1
Project("{FAE04EC0-301F-11D3-BF4B-00C04F79EFBC}") = "ADOSample", "ADOSample.csproj", "{71B27FE8-5C2C-4F95-83C9-CA36D67C6ADC}"
EndProject
Global
	GlobalSection(SolutionConfigurationPlatforms) = preSolution
		Debug|Any CPU = Debug|Any CPU
		Release|Any CPU = Release|Any CPU
	EndGlobalSection
	GlobalSection(ProjectConfigurationPlatforms) = postSolution
		{71B27FE8-5C2C-4F95-83C9-CA36D67C6ADC}.Debug|Any CPU.ActiveCfg = Debug|Any CPU
		{71B27FE8-5C2C-4F95-83C9-CA36D67C6ADC}.Debug|Any CPU.Build.0 = Debug|Any CPU
		{71B27FE8-5C2C-4F95-83C9-CA36D67C6ADC}.Release|Any CPU.ActiveCfg = Release|Any CPU
		{71B27FE8-5C2C-4F95-83C9-CA36D67C6ADC}.Release|Any CPU.Build.0 = Release|Any CPU
	EndGlobalSection
	GlobalSection(SolutionProperties) = preSolution
		HideSolutionNode = FALSE
	EndGlobalSection
	GlobalSection(ExtensibilityGlobals) = postSolution
		SolutionGuid = {74CE99D4-0F61-47D2-98C9-DFC29CBD8231}
	EndGlobalSection
EndGlobal
