
Microsoft Visual Studio Solution File, Format Version 12.00
# Visual Studio Version 17
VisualStudioVersion = 17.11.35327.3
MinimumVisualStudioVersion = 10.0.40219.1
Project("{FAE04EC0-301F-11D3-BF4B-00C04F79EFBC}") = "ClassLibrary1", "ClassLibrary1.csproj", "{179997EA-1FEE-41C1-A5AA-3ED1DA113E60}"
EndProject
Project("{FAE04EC0-301F-11D3-BF4B-00C04F79EFBC}") = "UnitTestProjectAdditionn", "..\UnitTestProjectAdditionn\UnitTestProjectAdditionn.csproj", "{1ADEB1E3-3055-4D21-B929-C9B97DB78941}"
EndProject
Global
	GlobalSection(SolutionConfigurationPlatforms) = preSolution
		Debug|Any CPU = Debug|Any CPU
		Release|Any CPU = Release|Any CPU
	EndGlobalSection
	GlobalSection(ProjectConfigurationPlatforms) = postSolution
		{179997EA-1FEE-41C1-A5AA-3ED1DA113E60}.Debug|Any CPU.ActiveCfg = Debug|Any CPU
		{179997EA-1FEE-41C1-A5AA-3ED1DA113E60}.Debug|Any CPU.Build.0 = Debug|Any CPU
		{179997EA-1FEE-41C1-A5AA-3ED1DA113E60}.Release|Any CPU.ActiveCfg = Release|Any CPU
		{179997EA-1FEE-41C1-A5AA-3ED1DA113E60}.Release|Any CPU.Build.0 = Release|Any CPU
		{1ADEB1E3-3055-4D21-B929-C9B97DB78941}.Debug|Any CPU.ActiveCfg = Debug|Any CPU
		{1ADEB1E3-3055-4D21-B929-C9B97DB78941}.Debug|Any CPU.Build.0 = Debug|Any CPU
		{1ADEB1E3-3055-4D21-B929-C9B97DB78941}.Release|Any CPU.ActiveCfg = Release|Any CPU
		{1ADEB1E3-3055-4D21-B929-C9B97DB78941}.Release|Any CPU.Build.0 = Release|Any CPU
	EndGlobalSection
	GlobalSection(SolutionProperties) = preSolution
		HideSolutionNode = FALSE
	EndGlobalSection
	GlobalSection(ExtensibilityGlobals) = postSolution
		SolutionGuid = {FC4F520F-6A29-4E58-B9F4-B9D775E7AC8D}
	EndGlobalSection
EndGlobal
