
Microsoft Visual Studio Solution File, Format Version 12.00
# Visual Studio Version 17
VisualStudioVersion = 17.11.35327.3
MinimumVisualStudioVersion = 10.0.40219.1
Project("{FAE04EC0-301F-11D3-BF4B-00C04F79EFBC}") = "BankingApp", "BankingApp.csproj", "{029EAC2E-F05B-45A3-B2AE-73EFD2252F83}"
EndProject
Global
	GlobalSection(SolutionConfigurationPlatforms) = preSolution
		Debug|Any CPU = Debug|Any CPU
		Release|Any CPU = Release|Any CPU
	EndGlobalSection
	GlobalSection(ProjectConfigurationPlatforms) = postSolution
		{029EAC2E-F05B-45A3-B2AE-73EFD2252F83}.Debug|Any CPU.ActiveCfg = Debug|Any CPU
		{029EAC2E-F05B-45A3-B2AE-73EFD2252F83}.Debug|Any CPU.Build.0 = Debug|Any CPU
		{029EAC2E-F05B-45A3-B2AE-73EFD2252F83}.Release|Any CPU.ActiveCfg = Release|Any CPU
		{029EAC2E-F05B-45A3-B2AE-73EFD2252F83}.Release|Any CPU.Build.0 = Release|Any CPU
	EndGlobalSection
	GlobalSection(SolutionProperties) = preSolution
		HideSolutionNode = FALSE
	EndGlobalSection
	GlobalSection(ExtensibilityGlobals) = postSolution
		SolutionGuid = {A448D928-E5CF-44EC-85C8-21BC227D2106}
	EndGlobalSection
EndGlobal
